
Microsoft Visual Studio Solution File, Format Version 12.00
# Visual Studio Version 17
VisualStudioVersion = 17.5.002.0
MinimumVisualStudioVersion = 10.0.40219.1
Project("{9A19103F-16F7-4668-BE54-9A1E7A4F7556}") = "Nethostfire", "Nethostfire.csproj", "{BCBD7217-0718-4558-AA58-9B90A5B05454}"
EndProject
Global
	GlobalSection(SolutionConfigurationPlatforms) = preSolution
		Debug|Any CPU = Debug|Any CPU
		Release|Any CPU = Release|Any CPU
	EndGlobalSection
	GlobalSection(ProjectConfigurationPlatforms) = postSolution
		{BCBD7217-0718-4558-AA58-9B90A5B05454}.Debug|Any CPU.ActiveCfg = Debug|Any CPU
		{BCBD7217-0718-4558-AA58-9B90A5B05454}.Debug|Any CPU.Build.0 = Debug|Any CPU
		{BCBD7217-0718-4558-AA58-9B90A5B05454}.Release|Any CPU.ActiveCfg = Release|Any CPU
		{BCBD7217-0718-4558-AA58-9B90A5B05454}.Release|Any CPU.Build.0 = Release|Any CPU
	EndGlobalSection
	GlobalSection(SolutionProperties) = preSolution
		HideSolutionNode = FALSE
	EndGlobalSection
	GlobalSection(ExtensibilityGlobals) = postSolution
		SolutionGuid = {7880068D-F0DC-49B9-BE63-51A7DE3B67F6}
	EndGlobalSection
EndGlobal
